// !$*UTF8*$!
{
	archiveVersion = 1;
	classes = {
	};
	objectVersion = 55;
	objects = {

/* Begin PBXBuildFile section */
		9706348227608C9600997C4E /* FinalProjectApp.swift in Sources */ = {isa = PBXBuildFile; fileRef = 9706348127608C9600997C4E /* FinalProjectApp.swift */; };
		9706348427608C9600997C4E /* ContentView.swift in Sources */ = {isa = PBXBuildFile; fileRef = 9706348327608C9600997C4E /* ContentView.swift */; };
		9706348627608C9700997C4E /* Assets.xcassets in Resources */ = {isa = PBXBuildFile; fileRef = 9706348527608C9700997C4E /* Assets.xcassets */; };
		9706348927608C9700997C4E /* Preview Assets.xcassets in Resources */ = {isa = PBXBuildFile; fileRef = 9706348827608C9700997C4E /* Preview Assets.xcassets */; };
		9706349427608CE500997C4E /* FriendList.swift in Sources */ = {isa = PBXBuildFile; fileRef = 9706348F27608CE500997C4E /* FriendList.swift */; };
		9706349527608CE500997C4E /* GetFriendList.swift in Sources */ = {isa = PBXBuildFile; fileRef = 9706349027608CE500997C4E /* GetFriendList.swift */; };
		9706349627608CE500997C4E /* Porfile.swift in Sources */ = {isa = PBXBuildFile; fileRef = 9706349127608CE500997C4E /* Porfile.swift */; };
		9706349727608CE500997C4E /* tmp.swift in Sources */ = {isa = PBXBuildFile; fileRef = 9706349227608CE500997C4E /* tmp.swift */; };
		9706349827608CE500997C4E /* GetPlayerSummary.swift in Sources */ = {isa = PBXBuildFile; fileRef = 9706349327608CE500997C4E /* GetPlayerSummary.swift */; };
		9706349E27609C6A00997C4E /* FriendListModel.swift in Sources */ = {isa = PBXBuildFile; fileRef = 9706349D27609C6A00997C4E /* FriendListModel.swift */; };
		9725951D2796FE6F00B31841 /* GetOwnedGames.swift in Sources */ = {isa = PBXBuildFile; fileRef = 9725951C2796FE6F00B31841 /* GetOwnedGames.swift */; };
		9725951F2796FF5B00B31841 /* OwnedGames.swift in Sources */ = {isa = PBXBuildFile; fileRef = 9725951E2796FF5B00B31841 /* OwnedGames.swift */; };
		97626DB82785720200324D18 /* Feature.swift in Sources */ = {isa = PBXBuildFile; fileRef = 97626DB72785720200324D18 /* Feature.swift */; };
		97626DC427858D2000324D18 /* UserSettings.swift in Sources */ = {isa = PBXBuildFile; fileRef = 97626DC327858D2000324D18 /* UserSettings.swift */; };
/* End PBXBuildFile section */

/* Begin PBXFileReference section */
		9706347E27608C9600997C4E /* FinalProject.app */ = {isa = PBXFileReference; explicitFileType = wrapper.application; includeInIndex = 0; path = FinalProject.app; sourceTree = BUILT_PRODUCTS_DIR; };
		9706348127608C9600997C4E /* FinalProjectApp.swift */ = {isa = PBXFileReference; lastKnownFileType = sourcecode.swift; path = FinalProjectApp.swift; sourceTree = "<group>"; };
		9706348327608C9600997C4E /* ContentView.swift */ = {isa = PBXFileReference; lastKnownFileType = sourcecode.swift; path = ContentView.swift; sourceTree = "<group>"; };
		9706348527608C9700997C4E /* Assets.xcassets */ = {isa = PBXFileReference; lastKnownFileType = folder.assetcatalog; path = Assets.xcassets; sourceTree = "<group>"; };
		9706348827608C9700997C4E /* Preview Assets.xcassets */ = {isa = PBXFileReference; lastKnownFileType = folder.assetcatalog; path = "Preview Assets.xcassets"; sourceTree = "<group>"; };
		9706348F27608CE500997C4E /* FriendList.swift */ = {isa = PBXFileReference; fileEncoding = 4; lastKnownFileType = sourcecode.swift; path = FriendList.swift; sourceTree = "<group>"; };
		9706349027608CE500997C4E /* GetFriendList.swift */ = {isa = PBXFileReference; fileEncoding = 4; lastKnownFileType = sourcecode.swift; path = GetFriendList.swift; sourceTree = "<group>"; };
		9706349127608CE500997C4E /* Porfile.swift */ = {isa = PBXFileReference; fileEncoding = 4; lastKnownFileType = sourcecode.swift; path = Porfile.swift; sourceTree = "<group>"; };
		9706349227608CE500997C4E /* tmp.swift */ = {isa = PBXFileReference; fileEncoding = 4; lastKnownFileType = sourcecode.swift; path = tmp.swift; sourceTree = "<group>"; };
		9706349327608CE500997C4E /* GetPlayerSummary.swift */ = {isa = PBXFileReference; fileEncoding = 4; lastKnownFileType = sourcecode.swift; path = GetPlayerSummary.swift; sourceTree = "<group>"; };
		970634992760913B00997C4E /* Info.plist */ = {isa = PBXFileReference; lastKnownFileType = text.plist; path = Info.plist; sourceTree = "<group>"; };
		9706349D27609C6A00997C4E /* FriendListModel.swift */ = {isa = PBXFileReference; lastKnownFileType = sourcecode.swift; path = FriendListModel.swift; sourceTree = "<group>"; };
		9725951C2796FE6F00B31841 /* GetOwnedGames.swift */ = {isa = PBXFileReference; lastKnownFileType = sourcecode.swift; path = GetOwnedGames.swift; sourceTree = "<group>"; };
		9725951E2796FF5B00B31841 /* OwnedGames.swift */ = {isa = PBXFileReference; lastKnownFileType = sourcecode.swift; path = OwnedGames.swift; sourceTree = "<group>"; };
		97626DB72785720200324D18 /* Feature.swift */ = {isa = PBXFileReference; lastKnownFileType = sourcecode.swift; path = Feature.swift; sourceTree = "<group>"; };
		97626DC327858D2000324D18 /* UserSettings.swift */ = {isa = PBXFileReference; lastKnownFileType = sourcecode.swift; path = UserSettings.swift; sourceTree = "<group>"; };
/* End PBXFileReference section */

/* Begin PBXFrameworksBuildPhase section */
		9706347B27608C9600997C4E /* Frameworks */ = {
			isa = PBXFrameworksBuildPhase;
			buildActionMask = 2147483647;
			files = (
			);
			runOnlyForDeploymentPostprocessing = 0;
		};
/* End PBXFrameworksBuildPhase section */

/* Begin PBXGroup section */
		9706347527608C9600997C4E = {
			isa = PBXGroup;
			children = (
				9706348027608C9600997C4E /* FinalProject */,
				9706347F27608C9600997C4E /* Products */,
			);
			sourceTree = "<group>";
		};
		9706347F27608C9600997C4E /* Products */ = {
			isa = PBXGroup;
			children = (
				9706347E27608C9600997C4E /* FinalProject.app */,
			);
			name = Products;
			sourceTree = "<group>";
		};
		9706348027608C9600997C4E /* FinalProject */ = {
			isa = PBXGroup;
			children = (
				9706349C27609BA300997C4E /* views */,
				9706349B27609B9700997C4E /* view models */,
				9706349A27609B8300997C4E /* models */,
				970634992760913B00997C4E /* Info.plist */,
				9706348127608C9600997C4E /* FinalProjectApp.swift */,
				9706348527608C9700997C4E /* Assets.xcassets */,
				9706348727608C9700997C4E /* Preview Content */,
			);
			path = FinalProject;
			sourceTree = "<group>";
		};
		9706348727608C9700997C4E /* Preview Content */ = {
			isa = PBXGroup;
			children = (
				9706348827608C9700997C4E /* Preview Assets.xcassets */,
			);
			path = "Preview Content";
			sourceTree = "<group>";
		};
		9706349A27609B8300997C4E /* models */ = {
			isa = PBXGroup;
			children = (
				9706349327608CE500997C4E /* GetPlayerSummary.swift */,
				9706349027608CE500997C4E /* GetFriendList.swift */,
				9725951C2796FE6F00B31841 /* GetOwnedGames.swift */,
			);
			path = models;
			sourceTree = "<group>";
		};
		9706349B27609B9700997C4E /* view models */ = {
			isa = PBXGroup;
			children = (
				9706349D27609C6A00997C4E /* FriendListModel.swift */,
				97626DC327858D2000324D18 /* UserSettings.swift */,
			);
			path = "view models";
			sourceTree = "<group>";
		};
		9706349C27609BA300997C4E /* views */ = {
			isa = PBXGroup;
			children = (
				9706348F27608CE500997C4E /* FriendList.swift */,
				9706349127608CE500997C4E /* Porfile.swift */,
				9706349227608CE500997C4E /* tmp.swift */,
				9706348327608C9600997C4E /* ContentView.swift */,
				97626DB72785720200324D18 /* Feature.swift */,
				9725951E2796FF5B00B31841 /* OwnedGames.swift */,
			);
			path = views;
			sourceTree = "<group>";
		};
/* End PBXGroup section */

/* Begin PBXNativeTarget section */
		9706347D27608C9600997C4E /* FinalProject */ = {
			isa = PBXNativeTarget;
			buildConfigurationList = 9706348C27608C9700997C4E /* Build configuration list for PBXNativeTarget "FinalProject" */;
			buildPhases = (
				9706347A27608C9600997C4E /* Sources */,
				9706347B27608C9600997C4E /* Frameworks */,
				9706347C27608C9600997C4E /* Resources */,
			);
			buildRules = (
			);
			dependencies = (
			);
			name = FinalProject;
			packageProductDependencies = (
			);
			productName = FinalProject;
			productReference = 9706347E27608C9600997C4E /* FinalProject.app */;
			productType = "com.apple.product-type.application";
		};
/* End PBXNativeTarget section */

/* Begin PBXProject section */
		9706347627608C9600997C4E /* Project object */ = {
			isa = PBXProject;
			attributes = {
				BuildIndependentTargetsInParallel = 1;
				LastSwiftUpdateCheck = 1300;
				LastUpgradeCheck = 1300;
				TargetAttributes = {
					9706347D27608C9600997C4E = {
						CreatedOnToolsVersion = 13.0;
					};
				};
			};
			buildConfigurationList = 9706347927608C9600997C4E /* Build configuration list for PBXProject "FinalProject" */;
			compatibilityVersion = "Xcode 13.0";
			developmentRegion = en;
			hasScannedForEncodings = 0;
			knownRegions = (
				en,
				Base,
			);
			mainGroup = 9706347527608C9600997C4E;
			packageReferences = (
			);
			productRefGroup = 9706347F27608C9600997C4E /* Products */;
			projectDirPath = "";
			projectRoot = "";
			targets = (
				9706347D27608C9600997C4E /* FinalProject */,
			);
		};
/* End PBXProject section */

/* Begin PBXResourcesBuildPhase section */
		9706347C27608C9600997C4E /* Resources */ = {
			isa = PBXResourcesBuildPhase;
			buildActionMask = 2147483647;
			files = (
				9706348927608C9700997C4E /* Preview Assets.xcassets in Resources */,
				9706348627608C9700997C4E /* Assets.xcassets in Resources */,
			);
			runOnlyForDeploymentPostprocessing = 0;
		};
/* End PBXResourcesBuildPhase section */

/* Begin PBXSourcesBuildPhase section */
		9706347A27608C9600997C4E /* Sources */ = {
			isa = PBXSourcesBuildPhase;
			buildActionMask = 2147483647;
			files = (
				9706348427608C9600997C4E /* ContentView.swift in Sources */,
				9725951F2796FF5B00B31841 /* OwnedGames.swift in Sources */,
				9706349827608CE500997C4E /* GetPlayerSummary.swift in Sources */,
				97626DB82785720200324D18 /* Feature.swift in Sources */,
				9725951D2796FE6F00B31841 /* GetOwnedGames.swift in Sources */,
				97626DC427858D2000324D18 /* UserSettings.swift in Sources */,
				9706348227608C9600997C4E /* FinalProjectApp.swift in Sources */,
				9706349527608CE500997C4E /* GetFriendList.swift in Sources */,
				9706349627608CE500997C4E /* Porfile.swift in Sources */,
				9706349E27609C6A00997C4E /* FriendListModel.swift in Sources */,
				9706349427608CE500997C4E /* FriendList.swift in Sources */,
				9706349727608CE500997C4E /* tmp.swift in Sources */,
			);
			runOnlyForDeploymentPostprocessing = 0;
		};
/* End PBXSourcesBuildPhase section */

/* Begin XCBuildConfiguration section */
		9706348A27608C9700997C4E /* Debug */ = {
			isa = XCBuildConfiguration;
			buildSettings = {
				ALWAYS_SEARCH_USER_PATHS = NO;
				CLANG_ANALYZER_NONNULL = YES;
				CLANG_ANALYZER_NUMBER_OBJECT_CONVERSION = YES_AGGRESSIVE;
				CLANG_CXX_LANGUAGE_STANDARD = "gnu++17";
				CLANG_CXX_LIBRARY = "libc++";
				CLANG_ENABLE_MODULES = YES;
				CLANG_ENABLE_OBJC_ARC = YES;
				CLANG_ENABLE_OBJC_WEAK = YES;
				CLANG_WARN_BLOCK_CAPTURE_AUTORELEASING = YES;
				CLANG_WARN_BOOL_CONVERSION = YES;
				CLANG_WARN_COMMA = YES;
				CLANG_WARN_CONSTANT_CONVERSION = YES;
				CLANG_WARN_DEPRECATED_OBJC_IMPLEMENTATIONS = YES;
				CLANG_WARN_DIRECT_OBJC_ISA_USAGE = YES_ERROR;
				CLANG_WARN_DOCUMENTATION_COMMENTS = YES;
				CLANG_WARN_EMPTY_BODY = YES;
				CLANG_WARN_ENUM_CONVERSION = YES;
				CLANG_WARN_INFINITE_RECURSION = YES;
				CLANG_WARN_INT_CONVERSION = YES;
				CLANG_WARN_NON_LITERAL_NULL_CONVERSION = YES;
				CLANG_WARN_OBJC_IMPLICIT_RETAIN_SELF = YES;
				CLANG_WARN_OBJC_LITERAL_CONVERSION = YES;
				CLANG_WARN_OBJC_ROOT_CLASS = YES_ERROR;
				CLANG_WARN_QUOTED_INCLUDE_IN_FRAMEWORK_HEADER = YES;
				CLANG_WARN_RANGE_LOOP_ANALYSIS = YES;
				CLANG_WARN_STRICT_PROTOTYPES = YES;
				CLANG_WARN_SUSPICIOUS_MOVE = YES;
				CLANG_WARN_UNGUARDED_AVAILABILITY = YES_AGGRESSIVE;
				CLANG_WARN_UNREACHABLE_CODE = YES;
				CLANG_WARN__DUPLICATE_METHOD_MATCH = YES;
				COPY_PHASE_STRIP = NO;
				DEBUG_INFORMATION_FORMAT = dwarf;
				ENABLE_STRICT_OBJC_MSGSEND = YES;
				ENABLE_TESTABILITY = YES;
				GCC_C_LANGUAGE_STANDARD = gnu11;
				GCC_DYNAMIC_NO_PIC = NO;
				GCC_NO_COMMON_BLOCKS = YES;
				GCC_OPTIMIZATION_LEVEL = 0;
				GCC_PREPROCESSOR_DEFINITIONS = (
					"DEBUG=1",
					"$(inherited)",
				);
				GCC_WARN_64_TO_32_BIT_CONVERSION = YES;
				GCC_WARN_ABOUT_RETURN_TYPE = YES_ERROR;
				GCC_WARN_UNDECLARED_SELECTOR = YES;
				GCC_WARN_UNINITIALIZED_AUTOS = YES_AGGRESSIVE;
				GCC_WARN_UNUSED_FUNCTION = YES;
				GCC_WARN_UNUSED_VARIABLE = YES;
				IPHONEOS_DEPLOYMENT_TARGET = 15.0;
				MTL_ENABLE_DEBUG_INFO = INCLUDE_SOURCE;
				MTL_FAST_MATH = YES;
				ONLY_ACTIVE_ARCH = YES;
				SDKROOT = iphoneos;
				SWIFT_ACTIVE_COMPILATION_CONDITIONS = DEBUG;
				SWIFT_OPTIMIZATION_LEVEL = "-Onone";
			};
			name = Debug;
		};
		9706348B27608C9700997C4E /* Release */ = {
			isa = XCBuildConfiguration;
			buildSettings = {
				ALWAYS_SEARCH_USER_PATHS = NO;
				CLANG_ANALYZER_NONNULL = YES;
				CLANG_ANALYZER_NUMBER_OBJECT_CONVERSION = YES_AGGRESSIVE;
				CLANG_CXX_LANGUAGE_STANDARD = "gnu++17";
				CLANG_CXX_LIBRARY = "libc++";
				CLANG_ENABLE_MODULES = YES;
				CLANG_ENABLE_OBJC_ARC = YES;
				CLANG_ENABLE_OBJC_WEAK = YES;
				CLANG_WARN_BLOCK_CAPTURE_AUTORELEASING = YES;
				CLANG_WARN_BOOL_CONVERSION = YES;
				CLANG_WARN_COMMA = YES;
				CLANG_WARN_CONSTANT_CONVERSION = YES;
				CLANG_WARN_DEPRECATED_OBJC_IMPLEMENTATIONS = YES;
				CLANG_WARN_DIRECT_OBJC_ISA_USAGE = YES_ERROR;
				CLANG_WARN_DOCUMENTATION_COMMENTS = YES;
				CLANG_WARN_EMPTY_BODY = YES;
				CLANG_WARN_ENUM_CONVERSION = YES;
				CLANG_WARN_INFINITE_RECURSION = YES;
				CLANG_WARN_INT_CONVERSION = YES;
				CLANG_WARN_NON_LITERAL_NULL_CONVERSION = YES;
				CLANG_WARN_OBJC_IMPLICIT_RETAIN_SELF = YES;
				CLANG_WARN_OBJC_LITERAL_CONVERSION = YES;
				CLANG_WARN_OBJC_ROOT_CLASS = YES_ERROR;
				CLANG_WARN_QUOTED_INCLUDE_IN_FRAMEWORK_HEADER = YES;
				CLANG_WARN_RANGE_LOOP_ANALYSIS = YES;
				CLANG_WARN_STRICT_PROTOTYPES = YES;
				CLANG_WARN_SUSPICIOUS_MOVE = YES;
				CLANG_WARN_UNGUARDED_AVAILABILITY = YES_AGGRESSIVE;
				CLANG_WARN_UNREACHABLE_CODE = YES;
				CLANG_WARN__DUPLICATE_METHOD_MATCH = YES;
				COPY_PHASE_STRIP = NO;
				DEBUG_INFORMATION_FORMAT = "dwarf-with-dsym";
				ENABLE_NS_ASSERTIONS = NO;
				ENABLE_STRICT_OBJC_MSGSEND = YES;
				GCC_C_LANGUAGE_STANDARD = gnu11;
				GCC_NO_COMMON_BLOCKS = YES;
				GCC_WARN_64_TO_32_BIT_CONVERSION = YES;
				GCC_WARN_ABOUT_RETURN_TYPE = YES_ERROR;
				GCC_WARN_UNDECLARED_SELECTOR = YES;
				GCC_WARN_UNINITIALIZED_AUTOS = YES_AGGRESSIVE;
				GCC_WARN_UNUSED_FUNCTION = YES;
				GCC_WARN_UNUSED_VARIABLE = YES;
				IPHONEOS_DEPLOYMENT_TARGET = 15.0;
				MTL_ENABLE_DEBUG_INFO = NO;
				MTL_FAST_MATH = YES;
				SDKROOT = iphoneos;
				SWIFT_COMPILATION_MODE = wholemodule;
				SWIFT_OPTIMIZATION_LEVEL = "-O";
				VALIDATE_PRODUCT = YES;
			};
			name = Release;
		};
		9706348D27608C9700997C4E /* Debug */ = {
			isa = XCBuildConfiguration;
			buildSettings = {
				ASSETCATALOG_COMPILER_APPICON_NAME = AppIcon;
				ASSETCATALOG_COMPILER_GLOBAL_ACCENT_COLOR_NAME = AccentColor;
				CODE_SIGN_STYLE = Automatic;
				CURRENT_PROJECT_VERSION = 1;
				DEVELOPMENT_ASSET_PATHS = "\"FinalProject/Preview Content\"";
				ENABLE_PREVIEWS = YES;
				GENERATE_INFOPLIST_FILE = YES;
				INFOPLIST_FILE = FinalProject/Info.plist;
				INFOPLIST_KEY_UIApplicationSceneManifest_Generation = YES;
				INFOPLIST_KEY_UIApplicationSupportsIndirectInputEvents = YES;
				INFOPLIST_KEY_UISupportedInterfaceOrientations_iPad = "UIInterfaceOrientationPortrait UIInterfaceOrientationPortraitUpsideDown UIInterfaceOrientationLandscapeLeft UIInterfaceOrientationLandscapeRight";
				INFOPLIST_KEY_UISupportedInterfaceOrientations_iPhone = "UIInterfaceOrientationPortrait UIInterfaceOrientationLandscapeLeft UIInterfaceOrientationLandscapeRight";
				IPHONEOS_DEPLOYMENT_TARGET = 15.0;
				LD_RUNPATH_SEARCH_PATHS = (
					"$(inherited)",
					"@executable_path/Frameworks",
				);
				MARKETING_VERSION = 1.0;
				PRODUCT_BUNDLE_IDENTIFIER = com.chang.FinalProject;
				PRODUCT_NAME = "$(TARGET_NAME)";
				SWIFT_EMIT_LOC_STRINGS = YES;
				SWIFT_VERSION = 5.0;
				TARGETED_DEVICE_FAMILY = "1,2";
			};
			name = Debug;
		};
		9706348E27608C9700997C4E /* Release */ = {
			isa = XCBuildConfiguration;
			buildSettings = {
				ASSETCATALOG_COMPILER_APPICON_NAME = AppIcon;
				ASSETCATALOG_COMPILER_GLOBAL_ACCENT_COLOR_NAME = AccentColor;
				CODE_SIGN_STYLE = Automatic;
				CURRENT_PROJECT_VERSION = 1;
				DEVELOPMENT_ASSET_PATHS = "\"FinalProject/Preview Content\"";
				ENABLE_PREVIEWS = YES;
				GENERATE_INFOPLIST_FILE = YES;
				INFOPLIST_FILE = FinalProject/Info.plist;
				INFOPLIST_KEY_UIApplicationSceneManifest_Generation = YES;
				INFOPLIST_KEY_UIApplicationSupportsIndirectInputEvents = YES;
				INFOPLIST_KEY_UISupportedInterfaceOrientations_iPad = "UIInterfaceOrientationPortrait UIInterfaceOrientationPortraitUpsideDown UIInterfaceOrientationLandscapeLeft UIInterfaceOrientationLandscapeRight";
				INFOPLIST_KEY_UISupportedInterfaceOrientations_iPhone = "UIInterfaceOrientationPortrait UIInterfaceOrientationLandscapeLeft UIInterfaceOrientationLandscapeRight";
				IPHONEOS_DEPLOYMENT_TARGET = 15.0;
				LD_RUNPATH_SEARCH_PATHS = (
					"$(inherited)",
					"@executable_path/Frameworks",
				);
				MARKETING_VERSION = 1.0;
				PRODUCT_BUNDLE_IDENTIFIER = com.chang.FinalProject;
				PRODUCT_NAME = "$(TARGET_NAME)";
				SWIFT_EMIT_LOC_STRINGS = YES;
				SWIFT_VERSION = 5.0;
				TARGETED_DEVICE_FAMILY = "1,2";
			};
			name = Release;
		};
/* End XCBuildConfiguration section */

/* Begin XCConfigurationList section */
		9706347927608C9600997C4E /* Build configuration list for PBXProject "FinalProject" */ = {
			isa = XCConfigurationList;
			buildConfigurations = (
				9706348A27608C9700997C4E /* Debug */,
				9706348B27608C9700997C4E /* Release */,
			);
			defaultConfigurationIsVisible = 0;
			defaultConfigurationName = Release;
		};
		9706348C27608C9700997C4E /* Build configuration list for PBXNativeTarget "FinalProject" */ = {
			isa = XCConfigurationList;
			buildConfigurations = (
				9706348D27608C9700997C4E /* Debug */,
				9706348E27608C9700997C4E /* Release */,
			);
			defaultConfigurationIsVisible = 0;
			defaultConfigurationName = Release;
		};
/* End XCConfigurationList section */
	};
	rootObject = 9706347627608C9600997C4E /* Project object */;
}
